
Microsoft Visual Studio Solution File, Format Version 12.00
# Visual Studio Version 17
VisualStudioVersion = 17.0.31903.59
MinimumVisualStudioVersion = 10.0.40219.1
Project("{FAE04EC0-301F-11D3-BF4B-00C04F79EFBC}") = "api", "api\api.csproj", "{6F059948-076C-4DF1-84B0-80DD1A219299}"
EndProject
Project("{FAE04EC0-301F-11D3-BF4B-00C04F79EFBC}") = "dataAccess", "dataAccess\dataAccess.csproj", "{FE8C0FC8-86E7-47A2-BF5B-AC419E7A5EB4}"
EndProject
Project("{FAE04EC0-301F-11D3-BF4B-00C04F79EFBC}") = "Test", "Test\Test.csproj", "{0A9BAEB1-C2BB-4110-932C-5A2BCD37C907}"
EndProject
Global
	GlobalSection(SolutionConfigurationPlatforms) = preSolution
		Debug|Any CPU = Debug|Any CPU
		Release|Any CPU = Release|Any CPU
	EndGlobalSection
	GlobalSection(SolutionProperties) = preSolution
		HideSolutionNode = FALSE
	EndGlobalSection
	GlobalSection(ProjectConfigurationPlatforms) = postSolution
		{6F059948-076C-4DF1-84B0-80DD1A219299}.Debug|Any CPU.ActiveCfg = Debug|Any CPU
		{6F059948-076C-4DF1-84B0-80DD1A219299}.Debug|Any CPU.Build.0 = Debug|Any CPU
		{6F059948-076C-4DF1-84B0-80DD1A219299}.Release|Any CPU.ActiveCfg = Release|Any CPU
		{6F059948-076C-4DF1-84B0-80DD1A219299}.Release|Any CPU.Build.0 = Release|Any CPU
		{FE8C0FC8-86E7-47A2-BF5B-AC419E7A5EB4}.Debug|Any CPU.ActiveCfg = Debug|Any CPU
		{FE8C0FC8-86E7-47A2-BF5B-AC419E7A5EB4}.Debug|Any CPU.Build.0 = Debug|Any CPU
		{FE8C0FC8-86E7-47A2-BF5B-AC419E7A5EB4}.Release|Any CPU.ActiveCfg = Release|Any CPU
		{FE8C0FC8-86E7-47A2-BF5B-AC419E7A5EB4}.Release|Any CPU.Build.0 = Release|Any CPU
		{0A9BAEB1-C2BB-4110-932C-5A2BCD37C907}.Debug|Any CPU.ActiveCfg = Debug|Any CPU
		{0A9BAEB1-C2BB-4110-932C-5A2BCD37C907}.Debug|Any CPU.Build.0 = Debug|Any CPU
		{0A9BAEB1-C2BB-4110-932C-5A2BCD37C907}.Release|Any CPU.ActiveCfg = Release|Any CPU
		{0A9BAEB1-C2BB-4110-932C-5A2BCD37C907}.Release|Any CPU.Build.0 = Release|Any CPU
	EndGlobalSection
EndGlobal
